{
  "requires": true,
  "lockfileVersion": 1,
  "dependencies": {
    "aws-sns-publish": {
      "version": "3.2.0",
      "resolved": "https://registry.npmjs.org/aws-sns-publish/-/aws-sns-publish-3.2.0.tgz",
      "integrity": "sha512-pE5qVGHndh6M9N9N04q/gARlltHHfK7tlwa7ASWmdzB3cOW95/7jlMtewoOm7uJ4kUBdAQa8Mz4kAwC3KKg2tg==",
      "requires": {
        "is-aws-account-id": "1.0.0",
        "is-e164-phone-number": "1.0.0",
        "is-obj": "1.0.1",
        "is-sns-topic-arn": "1.0.0",
        "pify": "2.3.0"
      }
    },
    "is-aws-account-id": {
      "version": "1.0.0",
      "resolved": "https://registry.npmjs.org/is-aws-account-id/-/is-aws-account-id-1.0.0.tgz",
      "integrity": "sha1-OtCVW2w5cvrB8UzsjC2P3/A8Qlo="
    },
    "is-e164-phone-number": {
      "version": "1.0.0",
      "resolved": "https://registry.npmjs.org/is-e164-phone-number/-/is-e164-phone-number-1.0.0.tgz",
      "integrity": "sha1-fJ3Jr1FK5SNUlY/G4IypElUAfNY="
    },
    "is-obj": {
      "version": "1.0.1",
      "resolved": "https://registry.npmjs.org/is-obj/-/is-obj-1.0.1.tgz",
      "integrity": "sha1-PkcprB9f3gJc19g6iW2rn09n2w8="
    },
    "is-sns-topic-arn": {
      "version": "1.0.0",
      "resolved": "https://registry.npmjs.org/is-sns-topic-arn/-/is-sns-topic-arn-1.0.0.tgz",
      "integrity": "sha1-U5pxqkjw+Q1xPhUys5MqJ4kC+1I="
    },
    "pify": {
      "version": "2.3.0",
      "resolved": "https://registry.npmjs.org/pify/-/pify-2.3.0.tgz",
      "integrity": "sha1-7RQaasBDqEnqWISY59yosVMw6Qw="
    }
  }
}
